
Microsoft Visual Studio Solution File, Format Version 12.00
# Visual Studio Version 16
VisualStudioVersion = 16.0.30225.117
MinimumVisualStudioVersion = 10.0.40219.1
Project("{FAE04EC0-301F-11D3-BF4B-00C04F79EFBC}") = "GameTicTacToe", "GameTicTacToe\GameTicTacToe.csproj", "{60302D4C-DAD2-4685-A458-3E844BD0CAED}"
EndProject
Global
	GlobalSection(SolutionConfigurationPlatforms) = preSolution
		Debug|Any CPU = Debug|Any CPU
		Release|Any CPU = Release|Any CPU
	EndGlobalSection
	GlobalSection(ProjectConfigurationPlatforms) = postSolution
		{60302D4C-DAD2-4685-A458-3E844BD0CAED}.Debug|Any CPU.ActiveCfg = Debug|Any CPU
		{60302D4C-DAD2-4685-A458-3E844BD0CAED}.Debug|Any CPU.Build.0 = Debug|Any CPU
		{60302D4C-DAD2-4685-A458-3E844BD0CAED}.Release|Any CPU.ActiveCfg = Release|Any CPU
		{60302D4C-DAD2-4685-A458-3E844BD0CAED}.Release|Any CPU.Build.0 = Release|Any CPU
	EndGlobalSection
	GlobalSection(SolutionProperties) = preSolution
		HideSolutionNode = FALSE
	EndGlobalSection
	GlobalSection(ExtensibilityGlobals) = postSolution
		SolutionGuid = {FEE2FB15-B552-41FD-86AE-28BA4C754842}
	EndGlobalSection
EndGlobal
